
Microsoft Visual Studio Solution File, Format Version 12.00
# Visual Studio Version 17
VisualStudioVersion = 17.9.34714.143
MinimumVisualStudioVersion = 10.0.40219.1
Project("{FAE04EC0-301F-11D3-BF4B-00C04F79EFBC}") = "EFCoreWenAPI", "EFCoreWenAPI\EFCoreWenAPI.csproj", "{412FEEE1-CC75-4179-B74D-1894B52AC55C}"
EndProject
Global
	GlobalSection(SolutionConfigurationPlatforms) = preSolution
		Debug|Any CPU = Debug|Any CPU
		Release|Any CPU = Release|Any CPU
	EndGlobalSection
	GlobalSection(ProjectConfigurationPlatforms) = postSolution
		{412FEEE1-CC75-4179-B74D-1894B52AC55C}.Debug|Any CPU.ActiveCfg = Debug|Any CPU
		{412FEEE1-CC75-4179-B74D-1894B52AC55C}.Debug|Any CPU.Build.0 = Debug|Any CPU
		{412FEEE1-CC75-4179-B74D-1894B52AC55C}.Release|Any CPU.ActiveCfg = Release|Any CPU
		{412FEEE1-CC75-4179-B74D-1894B52AC55C}.Release|Any CPU.Build.0 = Release|Any CPU
	EndGlobalSection
	GlobalSection(SolutionProperties) = preSolution
		HideSolutionNode = FALSE
	EndGlobalSection
	GlobalSection(ExtensibilityGlobals) = postSolution
		SolutionGuid = {E53EBE3A-42EF-4EA5-8376-0571A7180A47}
	EndGlobalSection
EndGlobal
